
Microsoft Visual Studio Solution File, Format Version 12.00
# Visual Studio Version 17
VisualStudioVersion = 17.7.34221.43
MinimumVisualStudioVersion = 10.0.40219.1
Project("{FAE04EC0-301F-11D3-BF4B-00C04F79EFBC}") = "RedisPlayground", ".\RedisPlayground\RedisPlayground.csproj", "{8142898C-2CF9-4FBB-89BC-058C2F6E2FB6}"
EndProject
Project("{FAE04EC0-301F-11D3-BF4B-00C04F79EFBC}") = "RedisSubscriber", ".\RedisSubscriber\RedisSubscriber.csproj", "{337508F4-5324-4664-955C-B5FFFE3B986C}"
EndProject
Global
	GlobalSection(SolutionConfigurationPlatforms) = preSolution
		Debug|Any CPU = Debug|Any CPU
		Release|Any CPU = Release|Any CPU
	EndGlobalSection
	GlobalSection(ProjectConfigurationPlatforms) = postSolution
		{8142898C-2CF9-4FBB-89BC-058C2F6E2FB6}.Debug|Any CPU.ActiveCfg = Debug|Any CPU
		{8142898C-2CF9-4FBB-89BC-058C2F6E2FB6}.Debug|Any CPU.Build.0 = Debug|Any CPU
		{8142898C-2CF9-4FBB-89BC-058C2F6E2FB6}.Release|Any CPU.ActiveCfg = Release|Any CPU
		{8142898C-2CF9-4FBB-89BC-058C2F6E2FB6}.Release|Any CPU.Build.0 = Release|Any CPU
		{337508F4-5324-4664-955C-B5FFFE3B986C}.Debug|Any CPU.ActiveCfg = Debug|Any CPU
		{337508F4-5324-4664-955C-B5FFFE3B986C}.Debug|Any CPU.Build.0 = Debug|Any CPU
		{337508F4-5324-4664-955C-B5FFFE3B986C}.Release|Any CPU.ActiveCfg = Release|Any CPU
		{337508F4-5324-4664-955C-B5FFFE3B986C}.Release|Any CPU.Build.0 = Release|Any CPU
	EndGlobalSection
	GlobalSection(SolutionProperties) = preSolution
		HideSolutionNode = FALSE
	EndGlobalSection
	GlobalSection(ExtensibilityGlobals) = postSolution
		SolutionGuid = {2CAF4F5C-481C-431C-8558-88ABC95C2FB5}
	EndGlobalSection
EndGlobal
